
Microsoft Visual Studio Solution File, Format Version 12.00
# Visual Studio Version 17
VisualStudioVersion = 17.9.34723.18
MinimumVisualStudioVersion = 10.0.40219.1
Project("{FAE04EC0-301F-11D3-BF4B-00C04F79EFBC}") = "Joys.UWP", "Joys\Joys.UWP\Joys.UWP.csproj", "{BC803555-F561-49E4-ACAD-B96C6C8B89DA}"
EndProject
Project("{FAE04EC0-301F-11D3-BF4B-00C04F79EFBC}") = "Joys.Android", "Joys\Joys.Android\Joys.Android.csproj", "{8F950132-4DD3-45D7-99A2-7C0BE0ABE536}"
EndProject
Project("{FAE04EC0-301F-11D3-BF4B-00C04F79EFBC}") = "Joys.iOS", "Joys\Joys.iOS\Joys.iOS.csproj", "{5F185598-7F02-4163-BE63-FDBDEE8608A8}"
EndProject
Project("{FAE04EC0-301F-11D3-BF4B-00C04F79EFBC}") = "Joys", "Joys\Joys\Joys.csproj", "{25E73E76-6964-4BD9-AA16-35BFDEA0036B}"
EndProject
Global
	GlobalSection(SolutionConfigurationPlatforms) = preSolution
		Debug|Any CPU = Debug|Any CPU
		Debug|ARM = Debug|ARM
		Debug|iPhone = Debug|iPhone
		Debug|iPhoneSimulator = Debug|iPhoneSimulator
		Debug|x64 = Debug|x64
		Debug|x86 = Debug|x86
		Release|Any CPU = Release|Any CPU
		Release|ARM = Release|ARM
		Release|iPhone = Release|iPhone
		Release|iPhoneSimulator = Release|iPhoneSimulator
		Release|x64 = Release|x64
		Release|x86 = Release|x86
	EndGlobalSection
	GlobalSection(ProjectConfigurationPlatforms) = postSolution
		{BC803555-F561-49E4-ACAD-B96C6C8B89DA}.Debug|Any CPU.ActiveCfg = Debug|x64
		{BC803555-F561-49E4-ACAD-B96C6C8B89DA}.Debug|Any CPU.Build.0 = Debug|x64
		{BC803555-F561-49E4-ACAD-B96C6C8B89DA}.Debug|Any CPU.Deploy.0 = Debug|x64
		{BC803555-F561-49E4-ACAD-B96C6C8B89DA}.Debug|ARM.ActiveCfg = Debug|ARM
		{BC803555-F561-49E4-ACAD-B96C6C8B89DA}.Debug|ARM.Build.0 = Debug|ARM
		{BC803555-F561-49E4-ACAD-B96C6C8B89DA}.Debug|ARM.Deploy.0 = Debug|ARM
		{BC803555-F561-49E4-ACAD-B96C6C8B89DA}.Debug|iPhone.ActiveCfg = Debug|x64
		{BC803555-F561-49E4-ACAD-B96C6C8B89DA}.Debug|iPhone.Build.0 = Debug|x64
		{BC803555-F561-49E4-ACAD-B96C6C8B89DA}.Debug|iPhone.Deploy.0 = Debug|x64
		{BC803555-F561-49E4-ACAD-B96C6C8B89DA}.Debug|iPhoneSimulator.ActiveCfg = Debug|x64
		{BC803555-F561-49E4-ACAD-B96C6C8B89DA}.Debug|iPhoneSimulator.Build.0 = Debug|x64
		{BC803555-F561-49E4-ACAD-B96C6C8B89DA}.Debug|iPhoneSimulator.Deploy.0 = Debug|x64
		{BC803555-F561-49E4-ACAD-B96C6C8B89DA}.Debug|x64.ActiveCfg = Debug|x64
		{BC803555-F561-49E4-ACAD-B96C6C8B89DA}.Debug|x64.Build.0 = Debug|x64
		{BC803555-F561-49E4-ACAD-B96C6C8B89DA}.Debug|x64.Deploy.0 = Debug|x64
		{BC803555-F561-49E4-ACAD-B96C6C8B89DA}.Debug|x86.ActiveCfg = Debug|x86
		{BC803555-F561-49E4-ACAD-B96C6C8B89DA}.Debug|x86.Build.0 = Debug|x86
		{BC803555-F561-49E4-ACAD-B96C6C8B89DA}.Debug|x86.Deploy.0 = Debug|x86
		{BC803555-F561-49E4-ACAD-B96C6C8B89DA}.Release|Any CPU.ActiveCfg = Release|x64
		{BC803555-F561-49E4-ACAD-B96C6C8B89DA}.Release|Any CPU.Build.0 = Release|x64
		{BC803555-F561-49E4-ACAD-B96C6C8B89DA}.Release|Any CPU.Deploy.0 = Release|x64
		{BC803555-F561-49E4-ACAD-B96C6C8B89DA}.Release|ARM.ActiveCfg = Release|ARM
		{BC803555-F561-49E4-ACAD-B96C6C8B89DA}.Release|ARM.Build.0 = Release|ARM
		{BC803555-F561-49E4-ACAD-B96C6C8B89DA}.Release|ARM.Deploy.0 = Release|ARM
		{BC803555-F561-49E4-ACAD-B96C6C8B89DA}.Release|iPhone.ActiveCfg = Release|x64
		{BC803555-F561-49E4-ACAD-B96C6C8B89DA}.Release|iPhone.Build.0 = Release|x64
		{BC803555-F561-49E4-ACAD-B96C6C8B89DA}.Release|iPhone.Deploy.0 = Release|x64
		{BC803555-F561-49E4-ACAD-B96C6C8B89DA}.Release|iPhoneSimulator.ActiveCfg = Release|x64
		{BC803555-F561-49E4-ACAD-B96C6C8B89DA}.Release|iPhoneSimulator.Build.0 = Release|x64
		{BC803555-F561-49E4-ACAD-B96C6C8B89DA}.Release|iPhoneSimulator.Deploy.0 = Release|x64
		{BC803555-F561-49E4-ACAD-B96C6C8B89DA}.Release|x64.ActiveCfg = Release|x64
		{BC803555-F561-49E4-ACAD-B96C6C8B89DA}.Release|x64.Build.0 = Release|x64
		{BC803555-F561-49E4-ACAD-B96C6C8B89DA}.Release|x64.Deploy.0 = Release|x64
		{BC803555-F561-49E4-ACAD-B96C6C8B89DA}.Release|x86.ActiveCfg = Release|x86
		{BC803555-F561-49E4-ACAD-B96C6C8B89DA}.Release|x86.Build.0 = Release|x86
		{BC803555-F561-49E4-ACAD-B96C6C8B89DA}.Release|x86.Deploy.0 = Release|x86
		{8F950132-4DD3-45D7-99A2-7C0BE0ABE536}.Debug|Any CPU.ActiveCfg = Debug|Any CPU
		{8F950132-4DD3-45D7-99A2-7C0BE0ABE536}.Debug|Any CPU.Build.0 = Debug|Any CPU
		{8F950132-4DD3-45D7-99A2-7C0BE0ABE536}.Debug|Any CPU.Deploy.0 = Debug|Any CPU
		{8F950132-4DD3-45D7-99A2-7C0BE0ABE536}.Debug|ARM.ActiveCfg = Debug|Any CPU
		{8F950132-4DD3-45D7-99A2-7C0BE0ABE536}.Debug|ARM.Build.0 = Debug|Any CPU
		{8F950132-4DD3-45D7-99A2-7C0BE0ABE536}.Debug|ARM.Deploy.0 = Debug|Any CPU
		{8F950132-4DD3-45D7-99A2-7C0BE0ABE536}.Debug|iPhone.ActiveCfg = Debug|Any CPU
		{8F950132-4DD3-45D7-99A2-7C0BE0ABE536}.Debug|iPhone.Build.0 = Debug|Any CPU
		{8F950132-4DD3-45D7-99A2-7C0BE0ABE536}.Debug|iPhone.Deploy.0 = Debug|Any CPU
		{8F950132-4DD3-45D7-99A2-7C0BE0ABE536}.Debug|iPhoneSimulator.ActiveCfg = Debug|Any CPU
		{8F950132-4DD3-45D7-99A2-7C0BE0ABE536}.Debug|iPhoneSimulator.Build.0 = Debug|Any CPU
		{8F950132-4DD3-45D7-99A2-7C0BE0ABE536}.Debug|iPhoneSimulator.Deploy.0 = Debug|Any CPU
		{8F950132-4DD3-45D7-99A2-7C0BE0ABE536}.Debug|x64.ActiveCfg = Debug|Any CPU
		{8F950132-4DD3-45D7-99A2-7C0BE0ABE536}.Debug|x64.Build.0 = Debug|Any CPU
		{8F950132-4DD3-45D7-99A2-7C0BE0ABE536}.Debug|x64.Deploy.0 = Debug|Any CPU
		{8F950132-4DD3-45D7-99A2-7C0BE0ABE536}.Debug|x86.ActiveCfg = Debug|Any CPU
		{8F950132-4DD3-45D7-99A2-7C0BE0ABE536}.Debug|x86.Build.0 = Debug|Any CPU
		{8F950132-4DD3-45D7-99A2-7C0BE0ABE536}.Debug|x86.Deploy.0 = Debug|Any CPU
		{8F950132-4DD3-45D7-99A2-7C0BE0ABE536}.Release|Any CPU.ActiveCfg = Release|Any CPU
		{8F950132-4DD3-45D7-99A2-7C0BE0ABE536}.Release|Any CPU.Build.0 = Release|Any CPU
		{8F950132-4DD3-45D7-99A2-7C0BE0ABE536}.Release|Any CPU.Deploy.0 = Release|Any CPU
		{8F950132-4DD3-45D7-99A2-7C0BE0ABE536}.Release|ARM.ActiveCfg = Release|Any CPU
		{8F950132-4DD3-45D7-99A2-7C0BE0ABE536}.Release|ARM.Build.0 = Release|Any CPU
		{8F950132-4DD3-45D7-99A2-7C0BE0ABE536}.Release|ARM.Deploy.0 = Release|Any CPU
		{8F950132-4DD3-45D7-99A2-7C0BE0ABE536}.Release|iPhone.ActiveCfg = Release|Any CPU
		{8F950132-4DD3-45D7-99A2-7C0BE0ABE536}.Release|iPhone.Build.0 = Release|Any CPU
		{8F950132-4DD3-45D7-99A2-7C0BE0ABE536}.Release|iPhone.Deploy.0 = Release|Any CPU
		{8F950132-4DD3-45D7-99A2-7C0BE0ABE536}.Release|iPhoneSimulator.ActiveCfg = Release|Any CPU
		{8F950132-4DD3-45D7-99A2-7C0BE0ABE536}.Release|iPhoneSimulator.Build.0 = Release|Any CPU
		{8F950132-4DD3-45D7-99A2-7C0BE0ABE536}.Release|iPhoneSimulator.Deploy.0 = Release|Any CPU
		{8F950132-4DD3-45D7-99A2-7C0BE0ABE536}.Release|x64.ActiveCfg = Release|Any CPU
		{8F950132-4DD3-45D7-99A2-7C0BE0ABE536}.Release|x64.Build.0 = Release|Any CPU
		{8F950132-4DD3-45D7-99A2-7C0BE0ABE536}.Release|x64.Deploy.0 = Release|Any CPU
		{8F950132-4DD3-45D7-99A2-7C0BE0ABE536}.Release|x86.ActiveCfg = Release|Any CPU
		{8F950132-4DD3-45D7-99A2-7C0BE0ABE536}.Release|x86.Build.0 = Release|Any CPU
		{8F950132-4DD3-45D7-99A2-7C0BE0ABE536}.Release|x86.Deploy.0 = Release|Any CPU
		{5F185598-7F02-4163-BE63-FDBDEE8608A8}.Debug|Any CPU.ActiveCfg = Debug|iPhoneSimulator
		{5F185598-7F02-4163-BE63-FDBDEE8608A8}.Debug|Any CPU.Build.0 = Debug|iPhoneSimulator
		{5F185598-7F02-4163-BE63-FDBDEE8608A8}.Debug|Any CPU.Deploy.0 = Debug|iPhoneSimulator
		{5F185598-7F02-4163-BE63-FDBDEE8608A8}.Debug|ARM.ActiveCfg = Debug|iPhoneSimulator
		{5F185598-7F02-4163-BE63-FDBDEE8608A8}.Debug|ARM.Build.0 = Debug|iPhoneSimulator
		{5F185598-7F02-4163-BE63-FDBDEE8608A8}.Debug|ARM.Deploy.0 = Debug|iPhoneSimulator
		{5F185598-7F02-4163-BE63-FDBDEE8608A8}.Debug|iPhone.ActiveCfg = Debug|iPhone
		{5F185598-7F02-4163-BE63-FDBDEE8608A8}.Debug|iPhone.Build.0 = Debug|iPhone
		{5F185598-7F02-4163-BE63-FDBDEE8608A8}.Debug|iPhone.Deploy.0 = Debug|iPhone
		{5F185598-7F02-4163-BE63-FDBDEE8608A8}.Debug|iPhoneSimulator.ActiveCfg = Debug|iPhoneSimulator
		{5F185598-7F02-4163-BE63-FDBDEE8608A8}.Debug|iPhoneSimulator.Build.0 = Debug|iPhoneSimulator
		{5F185598-7F02-4163-BE63-FDBDEE8608A8}.Debug|iPhoneSimulator.Deploy.0 = Debug|iPhoneSimulator
		{5F185598-7F02-4163-BE63-FDBDEE8608A8}.Debug|x64.ActiveCfg = Debug|iPhone
		{5F185598-7F02-4163-BE63-FDBDEE8608A8}.Debug|x64.Build.0 = Debug|iPhone
		{5F185598-7F02-4163-BE63-FDBDEE8608A8}.Debug|x64.Deploy.0 = Debug|iPhone
		{5F185598-7F02-4163-BE63-FDBDEE8608A8}.Debug|x86.ActiveCfg = Debug|iPhoneSimulator
		{5F185598-7F02-4163-BE63-FDBDEE8608A8}.Debug|x86.Build.0 = Debug|iPhoneSimulator
		{5F185598-7F02-4163-BE63-FDBDEE8608A8}.Debug|x86.Deploy.0 = Debug|iPhoneSimulator
		{5F185598-7F02-4163-BE63-FDBDEE8608A8}.Release|Any CPU.ActiveCfg = Release|iPhoneSimulator
		{5F185598-7F02-4163-BE63-FDBDEE8608A8}.Release|Any CPU.Build.0 = Release|iPhoneSimulator
		{5F185598-7F02-4163-BE63-FDBDEE8608A8}.Release|Any CPU.Deploy.0 = Release|iPhoneSimulator
		{5F185598-7F02-4163-BE63-FDBDEE8608A8}.Release|ARM.ActiveCfg = Release|iPhoneSimulator
		{5F185598-7F02-4163-BE63-FDBDEE8608A8}.Release|ARM.Build.0 = Release|iPhoneSimulator
		{5F185598-7F02-4163-BE63-FDBDEE8608A8}.Release|ARM.Deploy.0 = Release|iPhoneSimulator
		{5F185598-7F02-4163-BE63-FDBDEE8608A8}.Release|iPhone.ActiveCfg = Release|iPhone
		{5F185598-7F02-4163-BE63-FDBDEE8608A8}.Release|iPhone.Build.0 = Release|iPhone
		{5F185598-7F02-4163-BE63-FDBDEE8608A8}.Release|iPhone.Deploy.0 = Release|iPhone
		{5F185598-7F02-4163-BE63-FDBDEE8608A8}.Release|iPhoneSimulator.ActiveCfg = Release|iPhoneSimulator
		{5F185598-7F02-4163-BE63-FDBDEE8608A8}.Release|iPhoneSimulator.Build.0 = Release|iPhoneSimulator
		{5F185598-7F02-4163-BE63-FDBDEE8608A8}.Release|iPhoneSimulator.Deploy.0 = Release|iPhoneSimulator
		{5F185598-7F02-4163-BE63-FDBDEE8608A8}.Release|x64.ActiveCfg = Release|iPhoneSimulator
		{5F185598-7F02-4163-BE63-FDBDEE8608A8}.Release|x64.Build.0 = Release|iPhoneSimulator
		{5F185598-7F02-4163-BE63-FDBDEE8608A8}.Release|x64.Deploy.0 = Release|iPhoneSimulator
		{5F185598-7F02-4163-BE63-FDBDEE8608A8}.Release|x86.ActiveCfg = Release|iPhoneSimulator
		{5F185598-7F02-4163-BE63-FDBDEE8608A8}.Release|x86.Build.0 = Release|iPhoneSimulator
		{5F185598-7F02-4163-BE63-FDBDEE8608A8}.Release|x86.Deploy.0 = Release|iPhoneSimulator
		{25E73E76-6964-4BD9-AA16-35BFDEA0036B}.Debug|Any CPU.ActiveCfg = Debug|Any CPU
		{25E73E76-6964-4BD9-AA16-35BFDEA0036B}.Debug|Any CPU.Build.0 = Debug|Any CPU
		{25E73E76-6964-4BD9-AA16-35BFDEA0036B}.Debug|Any CPU.Deploy.0 = Debug|Any CPU
		{25E73E76-6964-4BD9-AA16-35BFDEA0036B}.Debug|ARM.ActiveCfg = Debug|Any CPU
		{25E73E76-6964-4BD9-AA16-35BFDEA0036B}.Debug|ARM.Build.0 = Debug|Any CPU
		{25E73E76-6964-4BD9-AA16-35BFDEA0036B}.Debug|ARM.Deploy.0 = Debug|Any CPU
		{25E73E76-6964-4BD9-AA16-35BFDEA0036B}.Debug|iPhone.ActiveCfg = Debug|Any CPU
		{25E73E76-6964-4BD9-AA16-35BFDEA0036B}.Debug|iPhone.Build.0 = Debug|Any CPU
		{25E73E76-6964-4BD9-AA16-35BFDEA0036B}.Debug|iPhone.Deploy.0 = Debug|Any CPU
		{25E73E76-6964-4BD9-AA16-35BFDEA0036B}.Debug|iPhoneSimulator.ActiveCfg = Debug|Any CPU
		{25E73E76-6964-4BD9-AA16-35BFDEA0036B}.Debug|iPhoneSimulator.Build.0 = Debug|Any CPU
		{25E73E76-6964-4BD9-AA16-35BFDEA0036B}.Debug|iPhoneSimulator.Deploy.0 = Debug|Any CPU
		{25E73E76-6964-4BD9-AA16-35BFDEA0036B}.Debug|x64.ActiveCfg = Debug|Any CPU
		{25E73E76-6964-4BD9-AA16-35BFDEA0036B}.Debug|x64.Build.0 = Debug|Any CPU
		{25E73E76-6964-4BD9-AA16-35BFDEA0036B}.Debug|x64.Deploy.0 = Debug|Any CPU
		{25E73E76-6964-4BD9-AA16-35BFDEA0036B}.Debug|x86.ActiveCfg = Debug|Any CPU
		{25E73E76-6964-4BD9-AA16-35BFDEA0036B}.Debug|x86.Build.0 = Debug|Any CPU
		{25E73E76-6964-4BD9-AA16-35BFDEA0036B}.Debug|x86.Deploy.0 = Debug|Any CPU
		{25E73E76-6964-4BD9-AA16-35BFDEA0036B}.Release|Any CPU.ActiveCfg = Release|Any CPU
		{25E73E76-6964-4BD9-AA16-35BFDEA0036B}.Release|Any CPU.Build.0 = Release|Any CPU
		{25E73E76-6964-4BD9-AA16-35BFDEA0036B}.Release|Any CPU.Deploy.0 = Release|Any CPU
		{25E73E76-6964-4BD9-AA16-35BFDEA0036B}.Release|ARM.ActiveCfg = Release|Any CPU
		{25E73E76-6964-4BD9-AA16-35BFDEA0036B}.Release|ARM.Build.0 = Release|Any CPU
		{25E73E76-6964-4BD9-AA16-35BFDEA0036B}.Release|ARM.Deploy.0 = Release|Any CPU
		{25E73E76-6964-4BD9-AA16-35BFDEA0036B}.Release|iPhone.ActiveCfg = Release|Any CPU
		{25E73E76-6964-4BD9-AA16-35BFDEA0036B}.Release|iPhone.Build.0 = Release|Any CPU
		{25E73E76-6964-4BD9-AA16-35BFDEA0036B}.Release|iPhone.Deploy.0 = Release|Any CPU
		{25E73E76-6964-4BD9-AA16-35BFDEA0036B}.Release|iPhoneSimulator.ActiveCfg = Release|Any CPU
		{25E73E76-6964-4BD9-AA16-35BFDEA0036B}.Release|iPhoneSimulator.Build.0 = Release|Any CPU
		{25E73E76-6964-4BD9-AA16-35BFDEA0036B}.Release|iPhoneSimulator.Deploy.0 = Release|Any CPU
		{25E73E76-6964-4BD9-AA16-35BFDEA0036B}.Release|x64.ActiveCfg = Release|Any CPU
		{25E73E76-6964-4BD9-AA16-35BFDEA0036B}.Release|x64.Build.0 = Release|Any CPU
		{25E73E76-6964-4BD9-AA16-35BFDEA0036B}.Release|x64.Deploy.0 = Release|Any CPU
		{25E73E76-6964-4BD9-AA16-35BFDEA0036B}.Release|x86.ActiveCfg = Release|Any CPU
		{25E73E76-6964-4BD9-AA16-35BFDEA0036B}.Release|x86.Build.0 = Release|Any CPU
		{25E73E76-6964-4BD9-AA16-35BFDEA0036B}.Release|x86.Deploy.0 = Release|Any CPU
	EndGlobalSection
	GlobalSection(SolutionProperties) = preSolution
		HideSolutionNode = FALSE
	EndGlobalSection
	GlobalSection(ExtensibilityGlobals) = postSolution
		SolutionGuid = {A4F8C4E3-B8E3-4753-AFC9-043C7670316B}
	EndGlobalSection
EndGlobal
